
Microsoft Visual Studio Solution File, Format Version 12.00
# Visual Studio Version 17
VisualStudioVersion = 17.6.33829.357
MinimumVisualStudioVersion = 10.0.40219.1
Project("{FAE04EC0-301F-11D3-BF4B-00C04F79EFBC}") = "Road23.WebAPI", "Road23.WebAPI.csproj", "{FAA10962-420E-4F67-BD37-08307DF097D9}"
EndProject
Global
	GlobalSection(SolutionConfigurationPlatforms) = preSolution
		Debug|Any CPU = Debug|Any CPU
		Release|Any CPU = Release|Any CPU
	EndGlobalSection
	GlobalSection(ProjectConfigurationPlatforms) = postSolution
		{FAA10962-420E-4F67-BD37-08307DF097D9}.Debug|Any CPU.ActiveCfg = Debug|Any CPU
		{FAA10962-420E-4F67-BD37-08307DF097D9}.Debug|Any CPU.Build.0 = Debug|Any CPU
		{FAA10962-420E-4F67-BD37-08307DF097D9}.Release|Any CPU.ActiveCfg = Release|Any CPU
		{FAA10962-420E-4F67-BD37-08307DF097D9}.Release|Any CPU.Build.0 = Release|Any CPU
	EndGlobalSection
	GlobalSection(SolutionProperties) = preSolution
		HideSolutionNode = FALSE
	EndGlobalSection
	GlobalSection(ExtensibilityGlobals) = postSolution
		SolutionGuid = {C67C7F6D-DBDD-4F11-8369-21DB2D24989C}
	EndGlobalSection
EndGlobal
